// !$*UTF8*$!
{
	archiveVersion = 1;
	classes = {
	};
	objectVersion = 46;
	objects = {

/* Begin PBXBuildFile section */
		50FB4D541E23928200FCB915 /* MNIST_layer0_init.csv in Resources */ = {isa = PBXBuildFile; fileRef = 50FB4D501E23928200FCB915 /* MNIST_layer0_init.csv */; };
		50FB4D551E23928200FCB915 /* MNIST_layer1_init.csv in Resources */ = {isa = PBXBuildFile; fileRef = 50FB4D511E23928200FCB915 /* MNIST_layer1_init.csv */; };
		50FB4D561E23928200FCB915 /* MNIST_X.csv in Resources */ = {isa = PBXBuildFile; fileRef = 50FB4D521E23928200FCB915 /* MNIST_X.csv */; };
		50FB4D571E23928200FCB915 /* MNIST_Y.csv in Resources */ = {isa = PBXBuildFile; fileRef = 50FB4D531E23928200FCB915 /* MNIST_Y.csv */; };
		OBJ_106 /* FileHandleExtensions.swift in Sources */ = {isa = PBXBuildFile; fileRef = OBJ_35 /* FileHandleExtensions.swift */; };
		OBJ_107 /* Plotting.swift in Sources */ = {isa = PBXBuildFile; fileRef = OBJ_36 /* Plotting.swift */; };
		OBJ_114 /* FFT.swift in Sources */ = {isa = PBXBuildFile; fileRef = OBJ_38 /* FFT.swift */; };
		OBJ_115 /* IntExtensions.swift in Sources */ = {isa = PBXBuildFile; fileRef = OBJ_39 /* IntExtensions.swift */; };
		OBJ_116 /* Windowing.swift in Sources */ = {isa = PBXBuildFile; fileRef = OBJ_40 /* Windowing.swift */; };
		OBJ_123 /* ActivationFunction.swift in Sources */ = {isa = PBXBuildFile; fileRef = OBJ_42 /* ActivationFunction.swift */; };
		OBJ_124 /* NeuralNetwork.swift in Sources */ = {isa = PBXBuildFile; fileRef = OBJ_43 /* NeuralNetwork.swift */; };
		OBJ_125 /* NeuralNetworkLayer.swift in Sources */ = {isa = PBXBuildFile; fileRef = OBJ_44 /* NeuralNetworkLayer.swift */; };
		OBJ_126 /* NeuralNetworkOptimizable.swift in Sources */ = {isa = PBXBuildFile; fileRef = OBJ_45 /* NeuralNetworkOptimizable.swift */; };
		OBJ_128 /* GeneralMath.framework in Frameworks */ = {isa = PBXBuildFile; fileRef = OBJ_51 /* GeneralMath.framework */; };
		OBJ_129 /* Linear.framework in Frameworks */ = {isa = PBXBuildFile; fileRef = OBJ_52 /* Linear.framework */; };
		OBJ_130 /* Optimization.framework in Frameworks */ = {isa = PBXBuildFile; fileRef = OBJ_53 /* Optimization.framework */; };
		OBJ_131 /* Plotting.framework in Frameworks */ = {isa = PBXBuildFile; fileRef = OBJ_54 /* Plotting.framework */; };
		OBJ_132 /* SignalProcessing.framework in Frameworks */ = {isa = PBXBuildFile; fileRef = OBJ_55 /* SignalProcessing.framework */; };
		OBJ_143 /* NeuralNetworkTests.swift in Sources */ = {isa = PBXBuildFile; fileRef = OBJ_48 /* NeuralNetworkTests.swift */; };
		OBJ_144 /* XCTestMatrixHelpers.swift in Sources */ = {isa = PBXBuildFile; fileRef = OBJ_49 /* XCTestMatrixHelpers.swift */; };
		OBJ_146 /* GeneralMath.framework in Frameworks */ = {isa = PBXBuildFile; fileRef = OBJ_51 /* GeneralMath.framework */; };
		OBJ_147 /* Linear.framework in Frameworks */ = {isa = PBXBuildFile; fileRef = OBJ_52 /* Linear.framework */; };
		OBJ_148 /* Optimization.framework in Frameworks */ = {isa = PBXBuildFile; fileRef = OBJ_53 /* Optimization.framework */; };
		OBJ_149 /* Plotting.framework in Frameworks */ = {isa = PBXBuildFile; fileRef = OBJ_54 /* Plotting.framework */; };
		OBJ_150 /* SignalProcessing.framework in Frameworks */ = {isa = PBXBuildFile; fileRef = OBJ_55 /* SignalProcessing.framework */; };
		OBJ_151 /* NeuralNetwork.framework in Frameworks */ = {isa = PBXBuildFile; fileRef = OBJ_56 /* NeuralNetwork.framework */; };
		OBJ_63 /* Random.swift in Sources */ = {isa = PBXBuildFile; fileRef = OBJ_9 /* Random.swift */; };
		OBJ_70 /* Matrix.swift in Sources */ = {isa = PBXBuildFile; fileRef = OBJ_11 /* Matrix.swift */; };
		OBJ_71 /* MatrixAddition.swift in Sources */ = {isa = PBXBuildFile; fileRef = OBJ_12 /* MatrixAddition.swift */; };
		OBJ_72 /* MatrixComponentWiseFunction.swift in Sources */ = {isa = PBXBuildFile; fileRef = OBJ_13 /* MatrixComponentWiseFunction.swift */; };
		OBJ_73 /* MatrixConcatenation.swift in Sources */ = {isa = PBXBuildFile; fileRef = OBJ_14 /* MatrixConcatenation.swift */; };
		OBJ_74 /* MatrixCreation.swift in Sources */ = {isa = PBXBuildFile; fileRef = OBJ_15 /* MatrixCreation.swift */; };
		OBJ_75 /* MatrixCustomStringConvertible.swift in Sources */ = {isa = PBXBuildFile; fileRef = OBJ_16 /* MatrixCustomStringConvertible.swift */; };
		OBJ_76 /* MatrixDivision.swift in Sources */ = {isa = PBXBuildFile; fileRef = OBJ_17 /* MatrixDivision.swift */; };
		OBJ_77 /* MatrixEquatableComparable.swift in Sources */ = {isa = PBXBuildFile; fileRef = OBJ_18 /* MatrixEquatableComparable.swift */; };
		OBJ_78 /* MatrixInverse.swift in Sources */ = {isa = PBXBuildFile; fileRef = OBJ_19 /* MatrixInverse.swift */; };
		OBJ_79 /* MatrixIO.swift in Sources */ = {isa = PBXBuildFile; fileRef = OBJ_20 /* MatrixIO.swift */; };
		OBJ_80 /* MatrixMisc.swift in Sources */ = {isa = PBXBuildFile; fileRef = OBJ_21 /* MatrixMisc.swift */; };
		OBJ_81 /* MatrixMultiplication.swift in Sources */ = {isa = PBXBuildFile; fileRef = OBJ_22 /* MatrixMultiplication.swift */; };
		OBJ_82 /* MatrixRandom.swift in Sources */ = {isa = PBXBuildFile; fileRef = OBJ_23 /* MatrixRandom.swift */; };
		OBJ_83 /* MatrixRowsAndColumns.swift in Sources */ = {isa = PBXBuildFile; fileRef = OBJ_24 /* MatrixRowsAndColumns.swift */; };
		OBJ_84 /* MatrixSubscripting.swift in Sources */ = {isa = PBXBuildFile; fileRef = OBJ_25 /* MatrixSubscripting.swift */; };
		OBJ_85 /* MatrixSubtraction.swift in Sources */ = {isa = PBXBuildFile; fileRef = OBJ_26 /* MatrixSubtraction.swift */; };
		OBJ_86 /* MatrixSum.swift in Sources */ = {isa = PBXBuildFile; fileRef = OBJ_27 /* MatrixSum.swift */; };
		OBJ_87 /* MatrixTransposition.swift in Sources */ = {isa = PBXBuildFile; fileRef = OBJ_28 /* MatrixTransposition.swift */; };
		OBJ_88 /* XCTestMatrixHelpers.swift in Sources */ = {isa = PBXBuildFile; fileRef = OBJ_29 /* XCTestMatrixHelpers.swift */; };
		OBJ_95 /* ConjugateGradientOptimizer.swift in Sources */ = {isa = PBXBuildFile; fileRef = OBJ_31 /* ConjugateGradientOptimizer.swift */; };
		OBJ_96 /* GradientDescentOptimizer.swift in Sources */ = {isa = PBXBuildFile; fileRef = OBJ_32 /* GradientDescentOptimizer.swift */; };
		OBJ_97 /* Optimizable.swift in Sources */ = {isa = PBXBuildFile; fileRef = OBJ_33 /* Optimizable.swift */; };
		OBJ_99 /* Linear.framework in Frameworks */ = {isa = PBXBuildFile; fileRef = OBJ_52 /* Linear.framework */; };
/* End PBXBuildFile section */

/* Begin PBXContainerItemProxy section */
		50FB4D431E23925600FCB915 /* PBXContainerItemProxy */ = {
			isa = PBXContainerItemProxy;
			containerPortal = OBJ_1 /* Project object */;
			proxyType = 1;
			remoteGlobalIDString = OBJ_65;
			remoteInfo = Linear;
		};
		50FB4D441E23925600FCB915 /* PBXContainerItemProxy */ = {
			isa = PBXContainerItemProxy;
			containerPortal = OBJ_1 /* Project object */;
			proxyType = 1;
			remoteGlobalIDString = OBJ_58;
			remoteInfo = GeneralMath;
		};
		50FB4D451E23925600FCB915 /* PBXContainerItemProxy */ = {
			isa = PBXContainerItemProxy;
			containerPortal = OBJ_1 /* Project object */;
			proxyType = 1;
			remoteGlobalIDString = OBJ_65;
			remoteInfo = Linear;
		};
		50FB4D461E23925600FCB915 /* PBXContainerItemProxy */ = {
			isa = PBXContainerItemProxy;
			containerPortal = OBJ_1 /* Project object */;
			proxyType = 1;
			remoteGlobalIDString = OBJ_90;
			remoteInfo = Optimization;
		};
		50FB4D471E23925600FCB915 /* PBXContainerItemProxy */ = {
			isa = PBXContainerItemProxy;
			containerPortal = OBJ_1 /* Project object */;
			proxyType = 1;
			remoteGlobalIDString = OBJ_101;
			remoteInfo = Plotting;
		};
		50FB4D481E23925600FCB915 /* PBXContainerItemProxy */ = {
			isa = PBXContainerItemProxy;
			containerPortal = OBJ_1 /* Project object */;
			proxyType = 1;
			remoteGlobalIDString = OBJ_109;
			remoteInfo = SignalProcessing;
		};
		50FB4D491E23925600FCB915 /* PBXContainerItemProxy */ = {
			isa = PBXContainerItemProxy;
			containerPortal = OBJ_1 /* Project object */;
			proxyType = 1;
			remoteGlobalIDString = OBJ_58;
			remoteInfo = GeneralMath;
		};
		50FB4D4A1E23925600FCB915 /* PBXContainerItemProxy */ = {
			isa = PBXContainerItemProxy;
			containerPortal = OBJ_1 /* Project object */;
			proxyType = 1;
			remoteGlobalIDString = OBJ_65;
			remoteInfo = Linear;
		};
		50FB4D4B1E23925600FCB915 /* PBXContainerItemProxy */ = {
			isa = PBXContainerItemProxy;
			containerPortal = OBJ_1 /* Project object */;
			proxyType = 1;
			remoteGlobalIDString = OBJ_90;
			remoteInfo = Optimization;
		};
		50FB4D4C1E23925600FCB915 /* PBXContainerItemProxy */ = {
			isa = PBXContainerItemProxy;
			containerPortal = OBJ_1 /* Project object */;
			proxyType = 1;
			remoteGlobalIDString = OBJ_101;
			remoteInfo = Plotting;
		};
		50FB4D4D1E23925600FCB915 /* PBXContainerItemProxy */ = {
			isa = PBXContainerItemProxy;
			containerPortal = OBJ_1 /* Project object */;
			proxyType = 1;
			remoteGlobalIDString = OBJ_109;
			remoteInfo = SignalProcessing;
		};
		50FB4D4E1E23925600FCB915 /* PBXContainerItemProxy */ = {
			isa = PBXContainerItemProxy;
			containerPortal = OBJ_1 /* Project object */;
			proxyType = 1;
			remoteGlobalIDString = OBJ_118;
			remoteInfo = NeuralNetwork;
		};
/* End PBXContainerItemProxy section */

/* Begin PBXFileReference section */
		50FB4D501E23928200FCB915 /* MNIST_layer0_init.csv */ = {isa = PBXFileReference; fileEncoding = 4; lastKnownFileType = text; path = MNIST_layer0_init.csv; sourceTree = "<group>"; };
		50FB4D511E23928200FCB915 /* MNIST_layer1_init.csv */ = {isa = PBXFileReference; fileEncoding = 4; lastKnownFileType = text; path = MNIST_layer1_init.csv; sourceTree = "<group>"; };
		50FB4D521E23928200FCB915 /* MNIST_X.csv */ = {isa = PBXFileReference; fileEncoding = 4; lastKnownFileType = text; path = MNIST_X.csv; sourceTree = "<group>"; };
		50FB4D531E23928200FCB915 /* MNIST_Y.csv */ = {isa = PBXFileReference; fileEncoding = 4; lastKnownFileType = text; path = MNIST_Y.csv; sourceTree = "<group>"; };
		OBJ_11 /* Matrix.swift */ = {isa = PBXFileReference; lastKnownFileType = sourcecode.swift; path = Matrix.swift; sourceTree = "<group>"; };
		OBJ_12 /* MatrixAddition.swift */ = {isa = PBXFileReference; lastKnownFileType = sourcecode.swift; path = MatrixAddition.swift; sourceTree = "<group>"; };
		OBJ_13 /* MatrixComponentWiseFunction.swift */ = {isa = PBXFileReference; lastKnownFileType = sourcecode.swift; path = MatrixComponentWiseFunction.swift; sourceTree = "<group>"; };
		OBJ_14 /* MatrixConcatenation.swift */ = {isa = PBXFileReference; lastKnownFileType = sourcecode.swift; path = MatrixConcatenation.swift; sourceTree = "<group>"; };
		OBJ_15 /* MatrixCreation.swift */ = {isa = PBXFileReference; lastKnownFileType = sourcecode.swift; path = MatrixCreation.swift; sourceTree = "<group>"; };
		OBJ_16 /* MatrixCustomStringConvertible.swift */ = {isa = PBXFileReference; lastKnownFileType = sourcecode.swift; path = MatrixCustomStringConvertible.swift; sourceTree = "<group>"; };
		OBJ_17 /* MatrixDivision.swift */ = {isa = PBXFileReference; lastKnownFileType = sourcecode.swift; path = MatrixDivision.swift; sourceTree = "<group>"; };
		OBJ_18 /* MatrixEquatableComparable.swift */ = {isa = PBXFileReference; lastKnownFileType = sourcecode.swift; path = MatrixEquatableComparable.swift; sourceTree = "<group>"; };
		OBJ_19 /* MatrixInverse.swift */ = {isa = PBXFileReference; lastKnownFileType = sourcecode.swift; path = MatrixInverse.swift; sourceTree = "<group>"; };
		OBJ_20 /* MatrixIO.swift */ = {isa = PBXFileReference; lastKnownFileType = sourcecode.swift; path = MatrixIO.swift; sourceTree = "<group>"; };
		OBJ_21 /* MatrixMisc.swift */ = {isa = PBXFileReference; lastKnownFileType = sourcecode.swift; path = MatrixMisc.swift; sourceTree = "<group>"; };
		OBJ_22 /* MatrixMultiplication.swift */ = {isa = PBXFileReference; lastKnownFileType = sourcecode.swift; path = MatrixMultiplication.swift; sourceTree = "<group>"; };
		OBJ_23 /* MatrixRandom.swift */ = {isa = PBXFileReference; lastKnownFileType = sourcecode.swift; path = MatrixRandom.swift; sourceTree = "<group>"; };
		OBJ_24 /* MatrixRowsAndColumns.swift */ = {isa = PBXFileReference; lastKnownFileType = sourcecode.swift; path = MatrixRowsAndColumns.swift; sourceTree = "<group>"; };
		OBJ_25 /* MatrixSubscripting.swift */ = {isa = PBXFileReference; lastKnownFileType = sourcecode.swift; path = MatrixSubscripting.swift; sourceTree = "<group>"; };
		OBJ_26 /* MatrixSubtraction.swift */ = {isa = PBXFileReference; lastKnownFileType = sourcecode.swift; path = MatrixSubtraction.swift; sourceTree = "<group>"; };
		OBJ_27 /* MatrixSum.swift */ = {isa = PBXFileReference; lastKnownFileType = sourcecode.swift; path = MatrixSum.swift; sourceTree = "<group>"; };
		OBJ_28 /* MatrixTransposition.swift */ = {isa = PBXFileReference; lastKnownFileType = sourcecode.swift; path = MatrixTransposition.swift; sourceTree = "<group>"; };
		OBJ_29 /* XCTestMatrixHelpers.swift */ = {isa = PBXFileReference; lastKnownFileType = sourcecode.swift; path = XCTestMatrixHelpers.swift; sourceTree = "<group>"; };
		OBJ_31 /* ConjugateGradientOptimizer.swift */ = {isa = PBXFileReference; lastKnownFileType = sourcecode.swift; path = ConjugateGradientOptimizer.swift; sourceTree = "<group>"; };
		OBJ_32 /* GradientDescentOptimizer.swift */ = {isa = PBXFileReference; lastKnownFileType = sourcecode.swift; path = GradientDescentOptimizer.swift; sourceTree = "<group>"; };
		OBJ_33 /* Optimizable.swift */ = {isa = PBXFileReference; lastKnownFileType = sourcecode.swift; path = Optimizable.swift; sourceTree = "<group>"; };
		OBJ_35 /* FileHandleExtensions.swift */ = {isa = PBXFileReference; lastKnownFileType = sourcecode.swift; path = FileHandleExtensions.swift; sourceTree = "<group>"; };
		OBJ_36 /* Plotting.swift */ = {isa = PBXFileReference; lastKnownFileType = sourcecode.swift; path = Plotting.swift; sourceTree = "<group>"; };
		OBJ_38 /* FFT.swift */ = {isa = PBXFileReference; lastKnownFileType = sourcecode.swift; path = FFT.swift; sourceTree = "<group>"; };
		OBJ_39 /* IntExtensions.swift */ = {isa = PBXFileReference; lastKnownFileType = sourcecode.swift; path = IntExtensions.swift; sourceTree = "<group>"; };
		OBJ_40 /* Windowing.swift */ = {isa = PBXFileReference; lastKnownFileType = sourcecode.swift; path = Windowing.swift; sourceTree = "<group>"; };
		OBJ_42 /* ActivationFunction.swift */ = {isa = PBXFileReference; lastKnownFileType = sourcecode.swift; path = ActivationFunction.swift; sourceTree = "<group>"; };
		OBJ_43 /* NeuralNetwork.swift */ = {isa = PBXFileReference; lastKnownFileType = sourcecode.swift; path = NeuralNetwork.swift; sourceTree = "<group>"; };
		OBJ_44 /* NeuralNetworkLayer.swift */ = {isa = PBXFileReference; lastKnownFileType = sourcecode.swift; path = NeuralNetworkLayer.swift; sourceTree = "<group>"; };
		OBJ_45 /* NeuralNetworkOptimizable.swift */ = {isa = PBXFileReference; lastKnownFileType = sourcecode.swift; path = NeuralNetworkOptimizable.swift; sourceTree = "<group>"; };
		OBJ_48 /* NeuralNetworkTests.swift */ = {isa = PBXFileReference; lastKnownFileType = sourcecode.swift; path = NeuralNetworkTests.swift; sourceTree = "<group>"; };
		OBJ_49 /* XCTestMatrixHelpers.swift */ = {isa = PBXFileReference; lastKnownFileType = sourcecode.swift; path = XCTestMatrixHelpers.swift; sourceTree = "<group>"; };
		OBJ_51 /* GeneralMath.framework */ = {isa = PBXFileReference; explicitFileType = wrapper.framework; path = GeneralMath.framework; sourceTree = BUILT_PRODUCTS_DIR; };
		OBJ_52 /* Linear.framework */ = {isa = PBXFileReference; explicitFileType = wrapper.framework; path = Linear.framework; sourceTree = BUILT_PRODUCTS_DIR; };
		OBJ_53 /* Optimization.framework */ = {isa = PBXFileReference; explicitFileType = wrapper.framework; path = Optimization.framework; sourceTree = BUILT_PRODUCTS_DIR; };
		OBJ_54 /* Plotting.framework */ = {isa = PBXFileReference; explicitFileType = wrapper.framework; path = Plotting.framework; sourceTree = BUILT_PRODUCTS_DIR; };
		OBJ_55 /* SignalProcessing.framework */ = {isa = PBXFileReference; explicitFileType = wrapper.framework; path = SignalProcessing.framework; sourceTree = BUILT_PRODUCTS_DIR; };
		OBJ_56 /* NeuralNetwork.framework */ = {isa = PBXFileReference; explicitFileType = wrapper.framework; path = NeuralNetwork.framework; sourceTree = BUILT_PRODUCTS_DIR; };
		OBJ_57 /* NeuralNetworkTests.xctest */ = {isa = PBXFileReference; explicitFileType = wrapper.cfbundle; path = NeuralNetworkTests.xctest; sourceTree = BUILT_PRODUCTS_DIR; };
		OBJ_6 /* Package.swift */ = {isa = PBXFileReference; explicitFileType = sourcecode.swift; path = Package.swift; sourceTree = "<group>"; };
		OBJ_9 /* Random.swift */ = {isa = PBXFileReference; lastKnownFileType = sourcecode.swift; path = Random.swift; sourceTree = "<group>"; };
/* End PBXFileReference section */

/* Begin PBXFrameworksBuildPhase section */
		OBJ_108 /* Frameworks */ = {
			isa = PBXFrameworksBuildPhase;
			buildActionMask = 0;
			files = (
			);
			runOnlyForDeploymentPostprocessing = 0;
		};
		OBJ_117 /* Frameworks */ = {
			isa = PBXFrameworksBuildPhase;
			buildActionMask = 0;
			files = (
			);
			runOnlyForDeploymentPostprocessing = 0;
		};
		OBJ_127 /* Frameworks */ = {
			isa = PBXFrameworksBuildPhase;
			buildActionMask = 0;
			files = (
				OBJ_128 /* GeneralMath.framework in Frameworks */,
				OBJ_129 /* Linear.framework in Frameworks */,
				OBJ_130 /* Optimization.framework in Frameworks */,
				OBJ_131 /* Plotting.framework in Frameworks */,
				OBJ_132 /* SignalProcessing.framework in Frameworks */,
			);
			runOnlyForDeploymentPostprocessing = 0;
		};
		OBJ_145 /* Frameworks */ = {
			isa = PBXFrameworksBuildPhase;
			buildActionMask = 0;
			files = (
				OBJ_146 /* GeneralMath.framework in Frameworks */,
				OBJ_147 /* Linear.framework in Frameworks */,
				OBJ_148 /* Optimization.framework in Frameworks */,
				OBJ_149 /* Plotting.framework in Frameworks */,
				OBJ_150 /* SignalProcessing.framework in Frameworks */,
				OBJ_151 /* NeuralNetwork.framework in Frameworks */,
			);
			runOnlyForDeploymentPostprocessing = 0;
		};
		OBJ_64 /* Frameworks */ = {
			isa = PBXFrameworksBuildPhase;
			buildActionMask = 0;
			files = (
			);
			runOnlyForDeploymentPostprocessing = 0;
		};
		OBJ_89 /* Frameworks */ = {
			isa = PBXFrameworksBuildPhase;
			buildActionMask = 0;
			files = (
			);
			runOnlyForDeploymentPostprocessing = 0;
		};
		OBJ_98 /* Frameworks */ = {
			isa = PBXFrameworksBuildPhase;
			buildActionMask = 0;
			files = (
				OBJ_99 /* Linear.framework in Frameworks */,
			);
			runOnlyForDeploymentPostprocessing = 0;
		};
/* End PBXFrameworksBuildPhase section */

/* Begin PBXGroup section */
		OBJ_10 /* Linear */ = {
			isa = PBXGroup;
			children = (
				OBJ_11 /* Matrix.swift */,
				OBJ_12 /* MatrixAddition.swift */,
				OBJ_13 /* MatrixComponentWiseFunction.swift */,
				OBJ_14 /* MatrixConcatenation.swift */,
				OBJ_15 /* MatrixCreation.swift */,
				OBJ_16 /* MatrixCustomStringConvertible.swift */,
				OBJ_17 /* MatrixDivision.swift */,
				OBJ_18 /* MatrixEquatableComparable.swift */,
				OBJ_19 /* MatrixInverse.swift */,
				OBJ_20 /* MatrixIO.swift */,
				OBJ_21 /* MatrixMisc.swift */,
				OBJ_22 /* MatrixMultiplication.swift */,
				OBJ_23 /* MatrixRandom.swift */,
				OBJ_24 /* MatrixRowsAndColumns.swift */,
				OBJ_25 /* MatrixSubscripting.swift */,
				OBJ_26 /* MatrixSubtraction.swift */,
				OBJ_27 /* MatrixSum.swift */,
				OBJ_28 /* MatrixTransposition.swift */,
				OBJ_29 /* XCTestMatrixHelpers.swift */,
			);
			name = Linear;
			path = "Packages/SwiftNum-1.9.6/Sources/Linear";
			sourceTree = SOURCE_ROOT;
		};
		OBJ_30 /* Optimization */ = {
			isa = PBXGroup;
			children = (
				OBJ_31 /* ConjugateGradientOptimizer.swift */,
				OBJ_32 /* GradientDescentOptimizer.swift */,
				OBJ_33 /* Optimizable.swift */,
			);
			name = Optimization;
			path = "Packages/SwiftNum-1.9.6/Sources/Optimization";
			sourceTree = SOURCE_ROOT;
		};
		OBJ_34 /* Plotting */ = {
			isa = PBXGroup;
			children = (
				OBJ_35 /* FileHandleExtensions.swift */,
				OBJ_36 /* Plotting.swift */,
			);
			name = Plotting;
			path = "Packages/SwiftNum-1.9.6/Sources/Plotting";
			sourceTree = SOURCE_ROOT;
		};
		OBJ_37 /* SignalProcessing */ = {
			isa = PBXGroup;
			children = (
				OBJ_38 /* FFT.swift */,
				OBJ_39 /* IntExtensions.swift */,
				OBJ_40 /* Windowing.swift */,
			);
			name = SignalProcessing;
			path = "Packages/SwiftNum-1.9.6/Sources/SignalProcessing";
			sourceTree = SOURCE_ROOT;
		};
		OBJ_41 /* NeuralNetwork */ = {
			isa = PBXGroup;
			children = (
				OBJ_42 /* ActivationFunction.swift */,
				OBJ_43 /* NeuralNetwork.swift */,
				OBJ_44 /* NeuralNetworkLayer.swift */,
				OBJ_45 /* NeuralNetworkOptimizable.swift */,
			);
			name = NeuralNetwork;
			path = Sources/NeuralNetwork;
			sourceTree = SOURCE_ROOT;
		};
		OBJ_46 /* Tests */ = {
			isa = PBXGroup;
			children = (
				OBJ_47 /* NeuralNetworkTests */,
			);
			path = Tests;
			sourceTree = "<group>";
		};
		OBJ_47 /* NeuralNetworkTests */ = {
			isa = PBXGroup;
			children = (
				50FB4D501E23928200FCB915 /* MNIST_layer0_init.csv */,
				50FB4D511E23928200FCB915 /* MNIST_layer1_init.csv */,
				50FB4D521E23928200FCB915 /* MNIST_X.csv */,
				50FB4D531E23928200FCB915 /* MNIST_Y.csv */,
				OBJ_48 /* NeuralNetworkTests.swift */,
				OBJ_49 /* XCTestMatrixHelpers.swift */,
			);
			name = NeuralNetworkTests;
			path = Tests/NeuralNetworkTests;
			sourceTree = SOURCE_ROOT;
		};
		OBJ_5 /*  */ = {
			isa = PBXGroup;
			children = (
				OBJ_6 /* Package.swift */,
				OBJ_7 /* Sources */,
				OBJ_46 /* Tests */,
				OBJ_50 /* Products */,
			);
			name = "";
			sourceTree = "<group>";
		};
		OBJ_50 /* Products */ = {
			isa = PBXGroup;
			children = (
				OBJ_51 /* GeneralMath.framework */,
				OBJ_52 /* Linear.framework */,
				OBJ_53 /* Optimization.framework */,
				OBJ_54 /* Plotting.framework */,
				OBJ_55 /* SignalProcessing.framework */,
				OBJ_56 /* NeuralNetwork.framework */,
				OBJ_57 /* NeuralNetworkTests.xctest */,
			);
			name = Products;
			sourceTree = BUILT_PRODUCTS_DIR;
		};
		OBJ_7 /* Sources */ = {
			isa = PBXGroup;
			children = (
				OBJ_8 /* GeneralMath */,
				OBJ_10 /* Linear */,
				OBJ_30 /* Optimization */,
				OBJ_34 /* Plotting */,
				OBJ_37 /* SignalProcessing */,
				OBJ_41 /* NeuralNetwork */,
			);
			path = Sources;
			sourceTree = "<group>";
		};
		OBJ_8 /* GeneralMath */ = {
			isa = PBXGroup;
			children = (
				OBJ_9 /* Random.swift */,
			);
			name = GeneralMath;
			path = "Packages/SwiftNum-1.9.6/Sources/GeneralMath";
			sourceTree = SOURCE_ROOT;
		};
/* End PBXGroup section */

/* Begin PBXNativeTarget section */
		OBJ_101 /* Plotting */ = {
			isa = PBXNativeTarget;
			buildConfigurationList = OBJ_102 /* Build configuration list for PBXNativeTarget "Plotting" */;
			buildPhases = (
				OBJ_105 /* Sources */,
				OBJ_108 /* Frameworks */,
			);
			buildRules = (
			);
			dependencies = (
			);
			name = Plotting;
			productName = Plotting;
			productReference = OBJ_54 /* Plotting.framework */;
			productType = "com.apple.product-type.framework";
		};
		OBJ_109 /* SignalProcessing */ = {
			isa = PBXNativeTarget;
			buildConfigurationList = OBJ_110 /* Build configuration list for PBXNativeTarget "SignalProcessing" */;
			buildPhases = (
				OBJ_113 /* Sources */,
				OBJ_117 /* Frameworks */,
			);
			buildRules = (
			);
			dependencies = (
			);
			name = SignalProcessing;
			productName = SignalProcessing;
			productReference = OBJ_55 /* SignalProcessing.framework */;
			productType = "com.apple.product-type.framework";
		};
		OBJ_118 /* NeuralNetwork */ = {
			isa = PBXNativeTarget;
			buildConfigurationList = OBJ_119 /* Build configuration list for PBXNativeTarget "NeuralNetwork" */;
			buildPhases = (
				OBJ_122 /* Sources */,
				OBJ_127 /* Frameworks */,
			);
			buildRules = (
			);
			dependencies = (
				OBJ_133 /* PBXTargetDependency */,
				OBJ_134 /* PBXTargetDependency */,
				OBJ_135 /* PBXTargetDependency */,
				OBJ_136 /* PBXTargetDependency */,
				OBJ_137 /* PBXTargetDependency */,
			);
			name = NeuralNetwork;
			productName = NeuralNetwork;
			productReference = OBJ_56 /* NeuralNetwork.framework */;
			productType = "com.apple.product-type.framework";
		};
		OBJ_138 /* NeuralNetworkTests */ = {
			isa = PBXNativeTarget;
			buildConfigurationList = OBJ_139 /* Build configuration list for PBXNativeTarget "NeuralNetworkTests" */;
			buildPhases = (
				OBJ_142 /* Sources */,
				OBJ_145 /* Frameworks */,
				50FB4D4F1E23927500FCB915 /* Resources */,
			);
			buildRules = (
			);
			dependencies = (
				OBJ_152 /* PBXTargetDependency */,
				OBJ_153 /* PBXTargetDependency */,
				OBJ_154 /* PBXTargetDependency */,
				OBJ_155 /* PBXTargetDependency */,
				OBJ_156 /* PBXTargetDependency */,
				OBJ_157 /* PBXTargetDependency */,
			);
			name = NeuralNetworkTests;
			productName = NeuralNetworkTests;
			productReference = OBJ_57 /* NeuralNetworkTests.xctest */;
			productType = "com.apple.product-type.bundle.unit-test";
		};
		OBJ_58 /* GeneralMath */ = {
			isa = PBXNativeTarget;
			buildConfigurationList = OBJ_59 /* Build configuration list for PBXNativeTarget "GeneralMath" */;
			buildPhases = (
				OBJ_62 /* Sources */,
				OBJ_64 /* Frameworks */,
			);
			buildRules = (
			);
			dependencies = (
			);
			name = GeneralMath;
			productName = GeneralMath;
			productReference = OBJ_51 /* GeneralMath.framework */;
			productType = "com.apple.product-type.framework";
		};
		OBJ_65 /* Linear */ = {
			isa = PBXNativeTarget;
			buildConfigurationList = OBJ_66 /* Build configuration list for PBXNativeTarget "Linear" */;
			buildPhases = (
				OBJ_69 /* Sources */,
				OBJ_89 /* Frameworks */,
			);
			buildRules = (
			);
			dependencies = (
			);
			name = Linear;
			productName = Linear;
			productReference = OBJ_52 /* Linear.framework */;
			productType = "com.apple.product-type.framework";
		};
		OBJ_90 /* Optimization */ = {
			isa = PBXNativeTarget;
			buildConfigurationList = OBJ_91 /* Build configuration list for PBXNativeTarget "Optimization" */;
			buildPhases = (
				OBJ_94 /* Sources */,
				OBJ_98 /* Frameworks */,
			);
			buildRules = (
			);
			dependencies = (
				OBJ_100 /* PBXTargetDependency */,
			);
			name = Optimization;
			productName = Optimization;
			productReference = OBJ_53 /* Optimization.framework */;
			productType = "com.apple.product-type.framework";
		};
/* End PBXNativeTarget section */

/* Begin PBXProject section */
		OBJ_1 /* Project object */ = {
			isa = PBXProject;
			attributes = {
				LastUpgradeCheck = 9999;
			};
			buildConfigurationList = OBJ_2 /* Build configuration list for PBXProject "SwiftLearn" */;
			compatibilityVersion = "Xcode 3.2";
			developmentRegion = English;
			hasScannedForEncodings = 0;
			knownRegions = (
				en,
			);
			mainGroup = OBJ_5 /*  */;
			productRefGroup = OBJ_50 /* Products */;
			projectDirPath = "";
			projectRoot = "";
			targets = (
				OBJ_58 /* GeneralMath */,
				OBJ_65 /* Linear */,
				OBJ_90 /* Optimization */,
				OBJ_101 /* Plotting */,
				OBJ_109 /* SignalProcessing */,
				OBJ_118 /* NeuralNetwork */,
				OBJ_138 /* NeuralNetworkTests */,
			);
		};
/* End PBXProject section */

/* Begin PBXResourcesBuildPhase section */
		50FB4D4F1E23927500FCB915 /* Resources */ = {
			isa = PBXResourcesBuildPhase;
			buildActionMask = 2147483647;
			files = (
				50FB4D571E23928200FCB915 /* MNIST_Y.csv in Resources */,
				50FB4D551E23928200FCB915 /* MNIST_layer1_init.csv in Resources */,
				50FB4D561E23928200FCB915 /* MNIST_X.csv in Resources */,
				50FB4D541E23928200FCB915 /* MNIST_layer0_init.csv in Resources */,
			);
			runOnlyForDeploymentPostprocessing = 0;
		};
/* End PBXResourcesBuildPhase section */

/* Begin PBXSourcesBuildPhase section */
		OBJ_105 /* Sources */ = {
			isa = PBXSourcesBuildPhase;
			buildActionMask = 0;
			files = (
				OBJ_106 /* FileHandleExtensions.swift in Sources */,
				OBJ_107 /* Plotting.swift in Sources */,
			);
			runOnlyForDeploymentPostprocessing = 0;
		};
		OBJ_113 /* Sources */ = {
			isa = PBXSourcesBuildPhase;
			buildActionMask = 0;
			files = (
				OBJ_114 /* FFT.swift in Sources */,
				OBJ_115 /* IntExtensions.swift in Sources */,
				OBJ_116 /* Windowing.swift in Sources */,
			);
			runOnlyForDeploymentPostprocessing = 0;
		};
		OBJ_122 /* Sources */ = {
			isa = PBXSourcesBuildPhase;
			buildActionMask = 0;
			files = (
				OBJ_123 /* ActivationFunction.swift in Sources */,
				OBJ_124 /* NeuralNetwork.swift in Sources */,
				OBJ_125 /* NeuralNetworkLayer.swift in Sources */,
				OBJ_126 /* NeuralNetworkOptimizable.swift in Sources */,
			);
			runOnlyForDeploymentPostprocessing = 0;
		};
		OBJ_142 /* Sources */ = {
			isa = PBXSourcesBuildPhase;
			buildActionMask = 0;
			files = (
				OBJ_143 /* NeuralNetworkTests.swift in Sources */,
				OBJ_144 /* XCTestMatrixHelpers.swift in Sources */,
			);
			runOnlyForDeploymentPostprocessing = 0;
		};
		OBJ_62 /* Sources */ = {
			isa = PBXSourcesBuildPhase;
			buildActionMask = 0;
			files = (
				OBJ_63 /* Random.swift in Sources */,
			);
			runOnlyForDeploymentPostprocessing = 0;
		};
		OBJ_69 /* Sources */ = {
			isa = PBXSourcesBuildPhase;
			buildActionMask = 0;
			files = (
				OBJ_70 /* Matrix.swift in Sources */,
				OBJ_71 /* MatrixAddition.swift in Sources */,
				OBJ_72 /* MatrixComponentWiseFunction.swift in Sources */,
				OBJ_73 /* MatrixConcatenation.swift in Sources */,
				OBJ_74 /* MatrixCreation.swift in Sources */,
				OBJ_75 /* MatrixCustomStringConvertible.swift in Sources */,
				OBJ_76 /* MatrixDivision.swift in Sources */,
				OBJ_77 /* MatrixEquatableComparable.swift in Sources */,
				OBJ_78 /* MatrixInverse.swift in Sources */,
				OBJ_79 /* MatrixIO.swift in Sources */,
				OBJ_80 /* MatrixMisc.swift in Sources */,
				OBJ_81 /* MatrixMultiplication.swift in Sources */,
				OBJ_82 /* MatrixRandom.swift in Sources */,
				OBJ_83 /* MatrixRowsAndColumns.swift in Sources */,
				OBJ_84 /* MatrixSubscripting.swift in Sources */,
				OBJ_85 /* MatrixSubtraction.swift in Sources */,
				OBJ_86 /* MatrixSum.swift in Sources */,
				OBJ_87 /* MatrixTransposition.swift in Sources */,
				OBJ_88 /* XCTestMatrixHelpers.swift in Sources */,
			);
			runOnlyForDeploymentPostprocessing = 0;
		};
		OBJ_94 /* Sources */ = {
			isa = PBXSourcesBuildPhase;
			buildActionMask = 0;
			files = (
				OBJ_95 /* ConjugateGradientOptimizer.swift in Sources */,
				OBJ_96 /* GradientDescentOptimizer.swift in Sources */,
				OBJ_97 /* Optimizable.swift in Sources */,
			);
			runOnlyForDeploymentPostprocessing = 0;
		};
/* End PBXSourcesBuildPhase section */

/* Begin PBXTargetDependency section */
		OBJ_100 /* PBXTargetDependency */ = {
			isa = PBXTargetDependency;
			target = OBJ_65 /* Linear */;
			targetProxy = 50FB4D431E23925600FCB915 /* PBXContainerItemProxy */;
		};
		OBJ_133 /* PBXTargetDependency */ = {
			isa = PBXTargetDependency;
			target = OBJ_58 /* GeneralMath */;
			targetProxy = 50FB4D441E23925600FCB915 /* PBXContainerItemProxy */;
		};
		OBJ_134 /* PBXTargetDependency */ = {
			isa = PBXTargetDependency;
			target = OBJ_65 /* Linear */;
			targetProxy = 50FB4D451E23925600FCB915 /* PBXContainerItemProxy */;
		};
		OBJ_135 /* PBXTargetDependency */ = {
			isa = PBXTargetDependency;
			target = OBJ_90 /* Optimization */;
			targetProxy = 50FB4D461E23925600FCB915 /* PBXContainerItemProxy */;
		};
		OBJ_136 /* PBXTargetDependency */ = {
			isa = PBXTargetDependency;
			target = OBJ_101 /* Plotting */;
			targetProxy = 50FB4D471E23925600FCB915 /* PBXContainerItemProxy */;
		};
		OBJ_137 /* PBXTargetDependency */ = {
			isa = PBXTargetDependency;
			target = OBJ_109 /* SignalProcessing */;
			targetProxy = 50FB4D481E23925600FCB915 /* PBXContainerItemProxy */;
		};
		OBJ_152 /* PBXTargetDependency */ = {
			isa = PBXTargetDependency;
			target = OBJ_58 /* GeneralMath */;
			targetProxy = 50FB4D491E23925600FCB915 /* PBXContainerItemProxy */;
		};
		OBJ_153 /* PBXTargetDependency */ = {
			isa = PBXTargetDependency;
			target = OBJ_65 /* Linear */;
			targetProxy = 50FB4D4A1E23925600FCB915 /* PBXContainerItemProxy */;
		};
		OBJ_154 /* PBXTargetDependency */ = {
			isa = PBXTargetDependency;
			target = OBJ_90 /* Optimization */;
			targetProxy = 50FB4D4B1E23925600FCB915 /* PBXContainerItemProxy */;
		};
		OBJ_155 /* PBXTargetDependency */ = {
			isa = PBXTargetDependency;
			target = OBJ_101 /* Plotting */;
			targetProxy = 50FB4D4C1E23925600FCB915 /* PBXContainerItemProxy */;
		};
		OBJ_156 /* PBXTargetDependency */ = {
			isa = PBXTargetDependency;
			target = OBJ_109 /* SignalProcessing */;
			targetProxy = 50FB4D4D1E23925600FCB915 /* PBXContainerItemProxy */;
		};
		OBJ_157 /* PBXTargetDependency */ = {
			isa = PBXTargetDependency;
			target = OBJ_118 /* NeuralNetwork */;
			targetProxy = 50FB4D4E1E23925600FCB915 /* PBXContainerItemProxy */;
		};
/* End PBXTargetDependency section */

/* Begin XCBuildConfiguration section */
		OBJ_103 /* Debug */ = {
			isa = XCBuildConfiguration;
			buildSettings = {
				ENABLE_TESTABILITY = YES;
				FRAMEWORK_SEARCH_PATHS = (
					"$(inherited)",
					"$(PLATFORM_DIR)/Developer/Library/Frameworks",
				);
				HEADER_SEARCH_PATHS = "$(inherited)";
				INFOPLIST_FILE = SwiftLearn.xcodeproj/Plotting_Info.plist;
				LD_RUNPATH_SEARCH_PATHS = "$(TOOLCHAIN_DIR)/usr/lib/swift/macosx";
				OTHER_LDFLAGS = "$(inherited)";
				OTHER_SWIFT_FLAGS = "$(inherited)";
				PRODUCT_BUNDLE_IDENTIFIER = Plotting;
				PRODUCT_MODULE_NAME = "$(TARGET_NAME:c99extidentifier)";
				PRODUCT_NAME = "$(TARGET_NAME:c99extidentifier)";
				TARGET_NAME = Plotting;
			};
			name = Debug;
		};
		OBJ_104 /* Release */ = {
			isa = XCBuildConfiguration;
			buildSettings = {
				ENABLE_TESTABILITY = YES;
				FRAMEWORK_SEARCH_PATHS = (
					"$(inherited)",
					"$(PLATFORM_DIR)/Developer/Library/Frameworks",
				);
				HEADER_SEARCH_PATHS = "$(inherited)";
				INFOPLIST_FILE = SwiftLearn.xcodeproj/Plotting_Info.plist;
				LD_RUNPATH_SEARCH_PATHS = "$(TOOLCHAIN_DIR)/usr/lib/swift/macosx";
				OTHER_LDFLAGS = "$(inherited)";
				OTHER_SWIFT_FLAGS = "$(inherited)";
				PRODUCT_BUNDLE_IDENTIFIER = Plotting;
				PRODUCT_MODULE_NAME = "$(TARGET_NAME:c99extidentifier)";
				PRODUCT_NAME = "$(TARGET_NAME:c99extidentifier)";
				TARGET_NAME = Plotting;
			};
			name = Release;
		};
		OBJ_111 /* Debug */ = {
			isa = XCBuildConfiguration;
			buildSettings = {
				ENABLE_TESTABILITY = YES;
				FRAMEWORK_SEARCH_PATHS = (
					"$(inherited)",
					"$(PLATFORM_DIR)/Developer/Library/Frameworks",
				);
				HEADER_SEARCH_PATHS = "$(inherited)";
				INFOPLIST_FILE = SwiftLearn.xcodeproj/SignalProcessing_Info.plist;
				LD_RUNPATH_SEARCH_PATHS = "$(TOOLCHAIN_DIR)/usr/lib/swift/macosx";
				OTHER_LDFLAGS = "$(inherited)";
				OTHER_SWIFT_FLAGS = "$(inherited)";
				PRODUCT_BUNDLE_IDENTIFIER = SignalProcessing;
				PRODUCT_MODULE_NAME = "$(TARGET_NAME:c99extidentifier)";
				PRODUCT_NAME = "$(TARGET_NAME:c99extidentifier)";
				TARGET_NAME = SignalProcessing;
			};
			name = Debug;
		};
		OBJ_112 /* Release */ = {
			isa = XCBuildConfiguration;
			buildSettings = {
				ENABLE_TESTABILITY = YES;
				FRAMEWORK_SEARCH_PATHS = (
					"$(inherited)",
					"$(PLATFORM_DIR)/Developer/Library/Frameworks",
				);
				HEADER_SEARCH_PATHS = "$(inherited)";
				INFOPLIST_FILE = SwiftLearn.xcodeproj/SignalProcessing_Info.plist;
				LD_RUNPATH_SEARCH_PATHS = "$(TOOLCHAIN_DIR)/usr/lib/swift/macosx";
				OTHER_LDFLAGS = "$(inherited)";
				OTHER_SWIFT_FLAGS = "$(inherited)";
				PRODUCT_BUNDLE_IDENTIFIER = SignalProcessing;
				PRODUCT_MODULE_NAME = "$(TARGET_NAME:c99extidentifier)";
				PRODUCT_NAME = "$(TARGET_NAME:c99extidentifier)";
				TARGET_NAME = SignalProcessing;
			};
			name = Release;
		};
		OBJ_120 /* Debug */ = {
			isa = XCBuildConfiguration;
			buildSettings = {
				ENABLE_TESTABILITY = YES;
				FRAMEWORK_SEARCH_PATHS = (
					"$(inherited)",
					"$(PLATFORM_DIR)/Developer/Library/Frameworks",
				);
				HEADER_SEARCH_PATHS = "$(inherited)";
				INFOPLIST_FILE = SwiftLearn.xcodeproj/NeuralNetwork_Info.plist;
				LD_RUNPATH_SEARCH_PATHS = "$(TOOLCHAIN_DIR)/usr/lib/swift/macosx";
				OTHER_LDFLAGS = "$(inherited)";
				OTHER_SWIFT_FLAGS = "$(inherited)";
				PRODUCT_BUNDLE_IDENTIFIER = NeuralNetwork;
				PRODUCT_MODULE_NAME = "$(TARGET_NAME:c99extidentifier)";
				PRODUCT_NAME = "$(TARGET_NAME:c99extidentifier)";
				TARGET_NAME = NeuralNetwork;
			};
			name = Debug;
		};
		OBJ_121 /* Release */ = {
			isa = XCBuildConfiguration;
			buildSettings = {
				ENABLE_TESTABILITY = YES;
				FRAMEWORK_SEARCH_PATHS = (
					"$(inherited)",
					"$(PLATFORM_DIR)/Developer/Library/Frameworks",
				);
				HEADER_SEARCH_PATHS = "$(inherited)";
				INFOPLIST_FILE = SwiftLearn.xcodeproj/NeuralNetwork_Info.plist;
				LD_RUNPATH_SEARCH_PATHS = "$(TOOLCHAIN_DIR)/usr/lib/swift/macosx";
				OTHER_LDFLAGS = "$(inherited)";
				OTHER_SWIFT_FLAGS = "$(inherited)";
				PRODUCT_BUNDLE_IDENTIFIER = NeuralNetwork;
				PRODUCT_MODULE_NAME = "$(TARGET_NAME:c99extidentifier)";
				PRODUCT_NAME = "$(TARGET_NAME:c99extidentifier)";
				TARGET_NAME = NeuralNetwork;
			};
			name = Release;
		};
		OBJ_140 /* Debug */ = {
			isa = XCBuildConfiguration;
			buildSettings = {
				EMBEDDED_CONTENT_CONTAINS_SWIFT = YES;
				FRAMEWORK_SEARCH_PATHS = (
					"$(inherited)",
					"$(PLATFORM_DIR)/Developer/Library/Frameworks",
				);
				HEADER_SEARCH_PATHS = "$(inherited)";
				INFOPLIST_FILE = SwiftLearn.xcodeproj/NeuralNetworkTests_Info.plist;
				LD_RUNPATH_SEARCH_PATHS = "@loader_path/../Frameworks";
				OTHER_LDFLAGS = "$(inherited)";
				OTHER_SWIFT_FLAGS = "$(inherited)";
				TARGET_NAME = NeuralNetworkTests;
			};
			name = Debug;
		};
		OBJ_141 /* Release */ = {
			isa = XCBuildConfiguration;
			buildSettings = {
				EMBEDDED_CONTENT_CONTAINS_SWIFT = YES;
				FRAMEWORK_SEARCH_PATHS = (
					"$(inherited)",
					"$(PLATFORM_DIR)/Developer/Library/Frameworks",
				);
				HEADER_SEARCH_PATHS = "$(inherited)";
				INFOPLIST_FILE = SwiftLearn.xcodeproj/NeuralNetworkTests_Info.plist;
				LD_RUNPATH_SEARCH_PATHS = "@loader_path/../Frameworks";
				OTHER_LDFLAGS = "$(inherited)";
				OTHER_SWIFT_FLAGS = "$(inherited)";
				SWIFT_OPTIMIZATION_LEVEL = "-Onone";
				TARGET_NAME = NeuralNetworkTests;
			};
			name = Release;
		};
		OBJ_3 /* Debug */ = {
			isa = XCBuildConfiguration;
			buildSettings = {
				COMBINE_HIDPI_IMAGES = YES;
				COPY_PHASE_STRIP = NO;
				DEBUG_INFORMATION_FORMAT = dwarf;
				DYLIB_INSTALL_NAME_BASE = "@rpath";
				ENABLE_NS_ASSERTIONS = YES;
				GCC_OPTIMIZATION_LEVEL = 0;
				MACOSX_DEPLOYMENT_TARGET = 10.10;
				ONLY_ACTIVE_ARCH = YES;
				OTHER_SWIFT_FLAGS = "-DXcode";
				PRODUCT_NAME = "$(TARGET_NAME)";
				SDKROOT = macosx;
				SUPPORTED_PLATFORMS = "macosx iphoneos iphonesimulator appletvos appletvsimulator watchos watchsimulator";
				SWIFT_ACTIVE_COMPILATION_CONDITIONS = SWIFT_PACKAGE;
				SWIFT_OPTIMIZATION_LEVEL = "-Onone";
				SWIFT_VERSION = 3.0;
				USE_HEADERMAP = NO;
			};
			name = Debug;
		};
		OBJ_4 /* Release */ = {
			isa = XCBuildConfiguration;
			buildSettings = {
				COMBINE_HIDPI_IMAGES = YES;
				COPY_PHASE_STRIP = YES;
				DEBUG_INFORMATION_FORMAT = "dwarf-with-dsym";
				DYLIB_INSTALL_NAME_BASE = "@rpath";
				GCC_OPTIMIZATION_LEVEL = s;
				MACOSX_DEPLOYMENT_TARGET = 10.10;
				OTHER_SWIFT_FLAGS = "-DXcode";
				PRODUCT_NAME = "$(TARGET_NAME)";
				SDKROOT = macosx;
				SUPPORTED_PLATFORMS = "macosx iphoneos iphonesimulator appletvos appletvsimulator watchos watchsimulator";
				SWIFT_ACTIVE_COMPILATION_CONDITIONS = SWIFT_PACKAGE;
				SWIFT_OPTIMIZATION_LEVEL = "-O";
				SWIFT_VERSION = 3.0;
				USE_HEADERMAP = NO;
			};
			name = Release;
		};
		OBJ_60 /* Debug */ = {
			isa = XCBuildConfiguration;
			buildSettings = {
				ENABLE_TESTABILITY = YES;
				FRAMEWORK_SEARCH_PATHS = (
					"$(inherited)",
					"$(PLATFORM_DIR)/Developer/Library/Frameworks",
				);
				HEADER_SEARCH_PATHS = "$(inherited)";
				INFOPLIST_FILE = SwiftLearn.xcodeproj/GeneralMath_Info.plist;
				LD_RUNPATH_SEARCH_PATHS = "$(TOOLCHAIN_DIR)/usr/lib/swift/macosx";
				OTHER_LDFLAGS = "$(inherited)";
				OTHER_SWIFT_FLAGS = "$(inherited)";
				PRODUCT_BUNDLE_IDENTIFIER = GeneralMath;
				PRODUCT_MODULE_NAME = "$(TARGET_NAME:c99extidentifier)";
				PRODUCT_NAME = "$(TARGET_NAME:c99extidentifier)";
				TARGET_NAME = GeneralMath;
			};
			name = Debug;
		};
		OBJ_61 /* Release */ = {
			isa = XCBuildConfiguration;
			buildSettings = {
				ENABLE_TESTABILITY = YES;
				FRAMEWORK_SEARCH_PATHS = (
					"$(inherited)",
					"$(PLATFORM_DIR)/Developer/Library/Frameworks",
				);
				HEADER_SEARCH_PATHS = "$(inherited)";
				INFOPLIST_FILE = SwiftLearn.xcodeproj/GeneralMath_Info.plist;
				LD_RUNPATH_SEARCH_PATHS = "$(TOOLCHAIN_DIR)/usr/lib/swift/macosx";
				OTHER_LDFLAGS = "$(inherited)";
				OTHER_SWIFT_FLAGS = "$(inherited)";
				PRODUCT_BUNDLE_IDENTIFIER = GeneralMath;
				PRODUCT_MODULE_NAME = "$(TARGET_NAME:c99extidentifier)";
				PRODUCT_NAME = "$(TARGET_NAME:c99extidentifier)";
				TARGET_NAME = GeneralMath;
			};
			name = Release;
		};
		OBJ_67 /* Debug */ = {
			isa = XCBuildConfiguration;
			buildSettings = {
				ENABLE_TESTABILITY = YES;
				FRAMEWORK_SEARCH_PATHS = (
					"$(inherited)",
					"$(PLATFORM_DIR)/Developer/Library/Frameworks",
				);
				HEADER_SEARCH_PATHS = "$(inherited)";
				INFOPLIST_FILE = SwiftLearn.xcodeproj/Linear_Info.plist;
				LD_RUNPATH_SEARCH_PATHS = "$(TOOLCHAIN_DIR)/usr/lib/swift/macosx";
				OTHER_LDFLAGS = "$(inherited)";
				OTHER_SWIFT_FLAGS = "$(inherited)";
				PRODUCT_BUNDLE_IDENTIFIER = Linear;
				PRODUCT_MODULE_NAME = "$(TARGET_NAME:c99extidentifier)";
				PRODUCT_NAME = "$(TARGET_NAME:c99extidentifier)";
				TARGET_NAME = Linear;
			};
			name = Debug;
		};
		OBJ_68 /* Release */ = {
			isa = XCBuildConfiguration;
			buildSettings = {
				ENABLE_TESTABILITY = YES;
				FRAMEWORK_SEARCH_PATHS = (
					"$(inherited)",
					"$(PLATFORM_DIR)/Developer/Library/Frameworks",
				);
				HEADER_SEARCH_PATHS = "$(inherited)";
				INFOPLIST_FILE = SwiftLearn.xcodeproj/Linear_Info.plist;
				LD_RUNPATH_SEARCH_PATHS = "$(TOOLCHAIN_DIR)/usr/lib/swift/macosx";
				OTHER_LDFLAGS = "$(inherited)";
				OTHER_SWIFT_FLAGS = "$(inherited)";
				PRODUCT_BUNDLE_IDENTIFIER = Linear;
				PRODUCT_MODULE_NAME = "$(TARGET_NAME:c99extidentifier)";
				PRODUCT_NAME = "$(TARGET_NAME:c99extidentifier)";
				TARGET_NAME = Linear;
			};
			name = Release;
		};
		OBJ_92 /* Debug */ = {
			isa = XCBuildConfiguration;
			buildSettings = {
				ENABLE_TESTABILITY = YES;
				FRAMEWORK_SEARCH_PATHS = (
					"$(inherited)",
					"$(PLATFORM_DIR)/Developer/Library/Frameworks",
				);
				HEADER_SEARCH_PATHS = "$(inherited)";
				INFOPLIST_FILE = SwiftLearn.xcodeproj/Optimization_Info.plist;
				LD_RUNPATH_SEARCH_PATHS = "$(TOOLCHAIN_DIR)/usr/lib/swift/macosx";
				OTHER_LDFLAGS = "$(inherited)";
				OTHER_SWIFT_FLAGS = "$(inherited)";
				PRODUCT_BUNDLE_IDENTIFIER = Optimization;
				PRODUCT_MODULE_NAME = "$(TARGET_NAME:c99extidentifier)";
				PRODUCT_NAME = "$(TARGET_NAME:c99extidentifier)";
				TARGET_NAME = Optimization;
			};
			name = Debug;
		};
		OBJ_93 /* Release */ = {
			isa = XCBuildConfiguration;
			buildSettings = {
				ENABLE_TESTABILITY = YES;
				FRAMEWORK_SEARCH_PATHS = (
					"$(inherited)",
					"$(PLATFORM_DIR)/Developer/Library/Frameworks",
				);
				HEADER_SEARCH_PATHS = "$(inherited)";
				INFOPLIST_FILE = SwiftLearn.xcodeproj/Optimization_Info.plist;
				LD_RUNPATH_SEARCH_PATHS = "$(TOOLCHAIN_DIR)/usr/lib/swift/macosx";
				OTHER_LDFLAGS = "$(inherited)";
				OTHER_SWIFT_FLAGS = "$(inherited)";
				PRODUCT_BUNDLE_IDENTIFIER = Optimization;
				PRODUCT_MODULE_NAME = "$(TARGET_NAME:c99extidentifier)";
				PRODUCT_NAME = "$(TARGET_NAME:c99extidentifier)";
				TARGET_NAME = Optimization;
			};
			name = Release;
		};
/* End XCBuildConfiguration section */

/* Begin XCConfigurationList section */
		OBJ_102 /* Build configuration list for PBXNativeTarget "Plotting" */ = {
			isa = XCConfigurationList;
			buildConfigurations = (
				OBJ_103 /* Debug */,
				OBJ_104 /* Release */,
			);
			defaultConfigurationIsVisible = 0;
			defaultConfigurationName = Debug;
		};
		OBJ_110 /* Build configuration list for PBXNativeTarget "SignalProcessing" */ = {
			isa = XCConfigurationList;
			buildConfigurations = (
				OBJ_111 /* Debug */,
				OBJ_112 /* Release */,
			);
			defaultConfigurationIsVisible = 0;
			defaultConfigurationName = Debug;
		};
		OBJ_119 /* Build configuration list for PBXNativeTarget "NeuralNetwork" */ = {
			isa = XCConfigurationList;
			buildConfigurations = (
				OBJ_120 /* Debug */,
				OBJ_121 /* Release */,
			);
			defaultConfigurationIsVisible = 0;
			defaultConfigurationName = Debug;
		};
		OBJ_139 /* Build configuration list for PBXNativeTarget "NeuralNetworkTests" */ = {
			isa = XCConfigurationList;
			buildConfigurations = (
				OBJ_140 /* Debug */,
				OBJ_141 /* Release */,
			);
			defaultConfigurationIsVisible = 0;
			defaultConfigurationName = Debug;
		};
		OBJ_2 /* Build configuration list for PBXProject "SwiftLearn" */ = {
			isa = XCConfigurationList;
			buildConfigurations = (
				OBJ_3 /* Debug */,
				OBJ_4 /* Release */,
			);
			defaultConfigurationIsVisible = 0;
			defaultConfigurationName = Debug;
		};
		OBJ_59 /* Build configuration list for PBXNativeTarget "GeneralMath" */ = {
			isa = XCConfigurationList;
			buildConfigurations = (
				OBJ_60 /* Debug */,
				OBJ_61 /* Release */,
			);
			defaultConfigurationIsVisible = 0;
			defaultConfigurationName = Debug;
		};
		OBJ_66 /* Build configuration list for PBXNativeTarget "Linear" */ = {
			isa = XCConfigurationList;
			buildConfigurations = (
				OBJ_67 /* Debug */,
				OBJ_68 /* Release */,
			);
			defaultConfigurationIsVisible = 0;
			defaultConfigurationName = Debug;
		};
		OBJ_91 /* Build configuration list for PBXNativeTarget "Optimization" */ = {
			isa = XCConfigurationList;
			buildConfigurations = (
				OBJ_92 /* Debug */,
				OBJ_93 /* Release */,
			);
			defaultConfigurationIsVisible = 0;
			defaultConfigurationName = Debug;
		};
/* End XCConfigurationList section */
	};
	rootObject = OBJ_1 /* Project object */;
}
