// !$*UTF8*$!
{
   archiveVersion = "1";
   objectVersion = "46";
   objects = {
      OBJ_1 = {
         isa = "PBXProject";
         attributes = {
            LastUpgradeCheck = "9999";
         };
         buildConfigurationList = OBJ_2;
         compatibilityVersion = "Xcode 3.2";
         developmentRegion = "English";
         hasScannedForEncodings = "0";
         knownRegions = (
            "en",
         );
         mainGroup = OBJ_5;
         productRefGroup = OBJ_48;
         projectDirPath = ".";
         targets = (
            OBJ_55,
            OBJ_80,
            OBJ_91,
            OBJ_99,
            OBJ_108,
            OBJ_126,
         );
      };
      OBJ_10 = {
         isa = "PBXFileReference";
         path = "MatrixAddition.swift";
         sourceTree = "<group>";
      };
      OBJ_100 = {
         isa = "XCConfigurationList";
         buildConfigurations = (
            OBJ_101,
            OBJ_102,
         );
         defaultConfigurationIsVisible = "0";
         defaultConfigurationName = "Debug";
      };
      OBJ_101 = {
         isa = "XCBuildConfiguration";
         buildSettings = {
            ENABLE_TESTABILITY = "YES";
            FRAMEWORK_SEARCH_PATHS = (
               "$(inherited)",
               "$(PLATFORM_DIR)/Developer/Library/Frameworks",
            );
            HEADER_SEARCH_PATHS = (
               "$(inherited)",
            );
            INFOPLIST_FILE = "SwiftLearn.xcodeproj/SignalProcessing_Info.plist";
            LD_RUNPATH_SEARCH_PATHS = (
               "$(TOOLCHAIN_DIR)/usr/lib/swift/macosx",
            );
            OTHER_LDFLAGS = (
               "$(inherited)",
            );
            OTHER_SWIFT_FLAGS = (
               "$(inherited)",
            );
            PRODUCT_BUNDLE_IDENTIFIER = "SignalProcessing";
            PRODUCT_MODULE_NAME = "$(TARGET_NAME:c99extidentifier)";
            PRODUCT_NAME = "$(TARGET_NAME:c99extidentifier)";
            TARGET_NAME = "SignalProcessing";
         };
         name = "Debug";
      };
      OBJ_102 = {
         isa = "XCBuildConfiguration";
         buildSettings = {
            ENABLE_TESTABILITY = "YES";
            FRAMEWORK_SEARCH_PATHS = (
               "$(inherited)",
               "$(PLATFORM_DIR)/Developer/Library/Frameworks",
            );
            HEADER_SEARCH_PATHS = (
               "$(inherited)",
            );
            INFOPLIST_FILE = "SwiftLearn.xcodeproj/SignalProcessing_Info.plist";
            LD_RUNPATH_SEARCH_PATHS = (
               "$(TOOLCHAIN_DIR)/usr/lib/swift/macosx",
            );
            OTHER_LDFLAGS = (
               "$(inherited)",
            );
            OTHER_SWIFT_FLAGS = (
               "$(inherited)",
            );
            PRODUCT_BUNDLE_IDENTIFIER = "SignalProcessing";
            PRODUCT_MODULE_NAME = "$(TARGET_NAME:c99extidentifier)";
            PRODUCT_NAME = "$(TARGET_NAME:c99extidentifier)";
            TARGET_NAME = "SignalProcessing";
         };
         name = "Release";
      };
      OBJ_103 = {
         isa = "PBXSourcesBuildPhase";
         files = (
            OBJ_104,
            OBJ_105,
            OBJ_106,
         );
      };
      OBJ_104 = {
         isa = "PBXBuildFile";
         fileRef = OBJ_36;
      };
      OBJ_105 = {
         isa = "PBXBuildFile";
         fileRef = OBJ_37;
      };
      OBJ_106 = {
         isa = "PBXBuildFile";
         fileRef = OBJ_38;
      };
      OBJ_107 = {
         isa = "PBXFrameworksBuildPhase";
         files = (
         );
      };
      OBJ_108 = {
         isa = "PBXNativeTarget";
         buildConfigurationList = OBJ_109;
         buildPhases = (
            OBJ_112,
            OBJ_117,
         );
         dependencies = (
            OBJ_122,
            OBJ_123,
            OBJ_124,
            OBJ_125,
         );
         name = "NeuralNetwork";
         productName = "NeuralNetwork";
         productReference = OBJ_53;
         productType = "com.apple.product-type.framework";
      };
      OBJ_109 = {
         isa = "XCConfigurationList";
         buildConfigurations = (
            OBJ_110,
            OBJ_111,
         );
         defaultConfigurationIsVisible = "0";
         defaultConfigurationName = "Debug";
      };
      OBJ_11 = {
         isa = "PBXFileReference";
         path = "MatrixComponentWiseFunction.swift";
         sourceTree = "<group>";
      };
      OBJ_110 = {
         isa = "XCBuildConfiguration";
         buildSettings = {
            ENABLE_TESTABILITY = "YES";
            FRAMEWORK_SEARCH_PATHS = (
               "$(inherited)",
               "$(PLATFORM_DIR)/Developer/Library/Frameworks",
            );
            HEADER_SEARCH_PATHS = (
               "$(inherited)",
            );
            INFOPLIST_FILE = "SwiftLearn.xcodeproj/NeuralNetwork_Info.plist";
            LD_RUNPATH_SEARCH_PATHS = (
               "$(TOOLCHAIN_DIR)/usr/lib/swift/macosx",
            );
            OTHER_LDFLAGS = (
               "$(inherited)",
            );
            OTHER_SWIFT_FLAGS = (
               "$(inherited)",
            );
            PRODUCT_BUNDLE_IDENTIFIER = "NeuralNetwork";
            PRODUCT_MODULE_NAME = "$(TARGET_NAME:c99extidentifier)";
            PRODUCT_NAME = "$(TARGET_NAME:c99extidentifier)";
            TARGET_NAME = "NeuralNetwork";
         };
         name = "Debug";
      };
      OBJ_111 = {
         isa = "XCBuildConfiguration";
         buildSettings = {
            ENABLE_TESTABILITY = "YES";
            FRAMEWORK_SEARCH_PATHS = (
               "$(inherited)",
               "$(PLATFORM_DIR)/Developer/Library/Frameworks",
            );
            HEADER_SEARCH_PATHS = (
               "$(inherited)",
            );
            INFOPLIST_FILE = "SwiftLearn.xcodeproj/NeuralNetwork_Info.plist";
            LD_RUNPATH_SEARCH_PATHS = (
               "$(TOOLCHAIN_DIR)/usr/lib/swift/macosx",
            );
            OTHER_LDFLAGS = (
               "$(inherited)",
            );
            OTHER_SWIFT_FLAGS = (
               "$(inherited)",
            );
            PRODUCT_BUNDLE_IDENTIFIER = "NeuralNetwork";
            PRODUCT_MODULE_NAME = "$(TARGET_NAME:c99extidentifier)";
            PRODUCT_NAME = "$(TARGET_NAME:c99extidentifier)";
            TARGET_NAME = "NeuralNetwork";
         };
         name = "Release";
      };
      OBJ_112 = {
         isa = "PBXSourcesBuildPhase";
         files = (
            OBJ_113,
            OBJ_114,
            OBJ_115,
            OBJ_116,
         );
      };
      OBJ_113 = {
         isa = "PBXBuildFile";
         fileRef = OBJ_40;
      };
      OBJ_114 = {
         isa = "PBXBuildFile";
         fileRef = OBJ_41;
      };
      OBJ_115 = {
         isa = "PBXBuildFile";
         fileRef = OBJ_42;
      };
      OBJ_116 = {
         isa = "PBXBuildFile";
         fileRef = OBJ_43;
      };
      OBJ_117 = {
         isa = "PBXFrameworksBuildPhase";
         files = (
            OBJ_118,
            OBJ_119,
            OBJ_120,
            OBJ_121,
         );
      };
      OBJ_118 = {
         isa = "PBXBuildFile";
         fileRef = OBJ_49;
      };
      OBJ_119 = {
         isa = "PBXBuildFile";
         fileRef = OBJ_50;
      };
      OBJ_12 = {
         isa = "PBXFileReference";
         path = "MatrixConcatenation.swift";
         sourceTree = "<group>";
      };
      OBJ_120 = {
         isa = "PBXBuildFile";
         fileRef = OBJ_51;
      };
      OBJ_121 = {
         isa = "PBXBuildFile";
         fileRef = OBJ_52;
      };
      OBJ_122 = {
         isa = "PBXTargetDependency";
         target = OBJ_55;
      };
      OBJ_123 = {
         isa = "PBXTargetDependency";
         target = OBJ_80;
      };
      OBJ_124 = {
         isa = "PBXTargetDependency";
         target = OBJ_91;
      };
      OBJ_125 = {
         isa = "PBXTargetDependency";
         target = OBJ_99;
      };
      OBJ_126 = {
         isa = "PBXNativeTarget";
         buildConfigurationList = OBJ_127;
         buildPhases = (
            OBJ_130,
            OBJ_133,
         );
         dependencies = (
            OBJ_139,
            OBJ_140,
            OBJ_141,
            OBJ_142,
            OBJ_143,
         );
         name = "NeuralNetworkTests";
         productName = "NeuralNetworkTests";
         productReference = OBJ_54;
         productType = "com.apple.product-type.bundle.unit-test";
      };
      OBJ_127 = {
         isa = "XCConfigurationList";
         buildConfigurations = (
            OBJ_128,
            OBJ_129,
         );
         defaultConfigurationIsVisible = "0";
         defaultConfigurationName = "Debug";
      };
      OBJ_128 = {
         isa = "XCBuildConfiguration";
         buildSettings = {
            EMBEDDED_CONTENT_CONTAINS_SWIFT = "YES";
            FRAMEWORK_SEARCH_PATHS = (
               "$(inherited)",
               "$(PLATFORM_DIR)/Developer/Library/Frameworks",
            );
            HEADER_SEARCH_PATHS = (
               "$(inherited)",
            );
            INFOPLIST_FILE = "SwiftLearn.xcodeproj/NeuralNetworkTests_Info.plist";
            LD_RUNPATH_SEARCH_PATHS = (
               "@loader_path/../Frameworks",
            );
            OTHER_LDFLAGS = (
               "$(inherited)",
            );
            OTHER_SWIFT_FLAGS = (
               "$(inherited)",
            );
            TARGET_NAME = "NeuralNetworkTests";
         };
         name = "Debug";
      };
      OBJ_129 = {
         isa = "XCBuildConfiguration";
         buildSettings = {
            EMBEDDED_CONTENT_CONTAINS_SWIFT = "YES";
            FRAMEWORK_SEARCH_PATHS = (
               "$(inherited)",
               "$(PLATFORM_DIR)/Developer/Library/Frameworks",
            );
            HEADER_SEARCH_PATHS = (
               "$(inherited)",
            );
            INFOPLIST_FILE = "SwiftLearn.xcodeproj/NeuralNetworkTests_Info.plist";
            LD_RUNPATH_SEARCH_PATHS = (
               "@loader_path/../Frameworks",
            );
            OTHER_LDFLAGS = (
               "$(inherited)",
            );
            OTHER_SWIFT_FLAGS = (
               "$(inherited)",
            );
            TARGET_NAME = "NeuralNetworkTests";
         };
         name = "Release";
      };
      OBJ_13 = {
         isa = "PBXFileReference";
         path = "MatrixCreation.swift";
         sourceTree = "<group>";
      };
      OBJ_130 = {
         isa = "PBXSourcesBuildPhase";
         files = (
            OBJ_131,
            OBJ_132,
         );
      };
      OBJ_131 = {
         isa = "PBXBuildFile";
         fileRef = OBJ_46;
      };
      OBJ_132 = {
         isa = "PBXBuildFile";
         fileRef = OBJ_47;
      };
      OBJ_133 = {
         isa = "PBXFrameworksBuildPhase";
         files = (
            OBJ_134,
            OBJ_135,
            OBJ_136,
            OBJ_137,
            OBJ_138,
         );
      };
      OBJ_134 = {
         isa = "PBXBuildFile";
         fileRef = OBJ_49;
      };
      OBJ_135 = {
         isa = "PBXBuildFile";
         fileRef = OBJ_50;
      };
      OBJ_136 = {
         isa = "PBXBuildFile";
         fileRef = OBJ_51;
      };
      OBJ_137 = {
         isa = "PBXBuildFile";
         fileRef = OBJ_52;
      };
      OBJ_138 = {
         isa = "PBXBuildFile";
         fileRef = OBJ_53;
      };
      OBJ_139 = {
         isa = "PBXTargetDependency";
         target = OBJ_55;
      };
      OBJ_14 = {
         isa = "PBXFileReference";
         path = "MatrixCustomStringConvertible.swift";
         sourceTree = "<group>";
      };
      OBJ_140 = {
         isa = "PBXTargetDependency";
         target = OBJ_80;
      };
      OBJ_141 = {
         isa = "PBXTargetDependency";
         target = OBJ_91;
      };
      OBJ_142 = {
         isa = "PBXTargetDependency";
         target = OBJ_99;
      };
      OBJ_143 = {
         isa = "PBXTargetDependency";
         target = OBJ_108;
      };
      OBJ_15 = {
         isa = "PBXFileReference";
         path = "MatrixDivision.swift";
         sourceTree = "<group>";
      };
      OBJ_16 = {
         isa = "PBXFileReference";
         path = "MatrixEquatableComparable.swift";
         sourceTree = "<group>";
      };
      OBJ_17 = {
         isa = "PBXFileReference";
         path = "MatrixInverse.swift";
         sourceTree = "<group>";
      };
      OBJ_18 = {
         isa = "PBXFileReference";
         path = "MatrixIO.swift";
         sourceTree = "<group>";
      };
      OBJ_19 = {
         isa = "PBXFileReference";
         path = "MatrixMisc.swift";
         sourceTree = "<group>";
      };
      OBJ_2 = {
         isa = "XCConfigurationList";
         buildConfigurations = (
            OBJ_3,
            OBJ_4,
         );
         defaultConfigurationIsVisible = "0";
         defaultConfigurationName = "Debug";
      };
      OBJ_20 = {
         isa = "PBXFileReference";
         path = "MatrixMultiplication.swift";
         sourceTree = "<group>";
      };
      OBJ_21 = {
         isa = "PBXFileReference";
         path = "MatrixRandom.swift";
         sourceTree = "<group>";
      };
      OBJ_22 = {
         isa = "PBXFileReference";
         path = "MatrixRowsAndColumns.swift";
         sourceTree = "<group>";
      };
      OBJ_23 = {
         isa = "PBXFileReference";
         path = "MatrixSubscripting.swift";
         sourceTree = "<group>";
      };
      OBJ_24 = {
         isa = "PBXFileReference";
         path = "MatrixSubtraction.swift";
         sourceTree = "<group>";
      };
      OBJ_25 = {
         isa = "PBXFileReference";
         path = "MatrixSum.swift";
         sourceTree = "<group>";
      };
      OBJ_26 = {
         isa = "PBXFileReference";
         path = "MatrixTransposition.swift";
         sourceTree = "<group>";
      };
      OBJ_27 = {
         isa = "PBXFileReference";
         path = "XCTestMatrixHelpers.swift";
         sourceTree = "<group>";
      };
      OBJ_28 = {
         isa = "PBXGroup";
         children = (
            OBJ_29,
            OBJ_30,
            OBJ_31,
         );
         name = "Optimization";
         path = "Packages/SwiftNum-1.9.3/Sources/Optimization";
         sourceTree = "SOURCE_ROOT";
      };
      OBJ_29 = {
         isa = "PBXFileReference";
         path = "ConjugateGradientOptimizer.swift";
         sourceTree = "<group>";
      };
      OBJ_3 = {
         isa = "XCBuildConfiguration";
         buildSettings = {
            COMBINE_HIDPI_IMAGES = "YES";
            COPY_PHASE_STRIP = "NO";
            DEBUG_INFORMATION_FORMAT = "dwarf";
            DYLIB_INSTALL_NAME_BASE = "@rpath";
            ENABLE_NS_ASSERTIONS = "YES";
            GCC_OPTIMIZATION_LEVEL = "0";
            MACOSX_DEPLOYMENT_TARGET = "10.10";
            ONLY_ACTIVE_ARCH = "YES";
            OTHER_SWIFT_FLAGS = (
               "-DXcode",
            );
            PRODUCT_NAME = "$(TARGET_NAME)";
            SDKROOT = "macosx";
            SUPPORTED_PLATFORMS = (
               "macosx",
               "iphoneos",
               "iphonesimulator",
               "appletvos",
               "appletvsimulator",
               "watchos",
               "watchsimulator",
            );
            SWIFT_ACTIVE_COMPILATION_CONDITIONS = "SWIFT_PACKAGE";
            SWIFT_OPTIMIZATION_LEVEL = "-Onone";
            SWIFT_VERSION = "3.0";
            USE_HEADERMAP = "NO";
         };
         name = "Debug";
      };
      OBJ_30 = {
         isa = "PBXFileReference";
         path = "GradientDescentOptimizer.swift";
         sourceTree = "<group>";
      };
      OBJ_31 = {
         isa = "PBXFileReference";
         path = "Optimizable.swift";
         sourceTree = "<group>";
      };
      OBJ_32 = {
         isa = "PBXGroup";
         children = (
            OBJ_33,
            OBJ_34,
         );
         name = "Plotting";
         path = "Packages/SwiftNum-1.9.3/Sources/Plotting";
         sourceTree = "SOURCE_ROOT";
      };
      OBJ_33 = {
         isa = "PBXFileReference";
         path = "FileHandleExtensions.swift";
         sourceTree = "<group>";
      };
      OBJ_34 = {
         isa = "PBXFileReference";
         path = "Plotting.swift";
         sourceTree = "<group>";
      };
      OBJ_35 = {
         isa = "PBXGroup";
         children = (
            OBJ_36,
            OBJ_37,
            OBJ_38,
         );
         name = "SignalProcessing";
         path = "Packages/SwiftNum-1.9.3/Sources/SignalProcessing";
         sourceTree = "SOURCE_ROOT";
      };
      OBJ_36 = {
         isa = "PBXFileReference";
         path = "FFT.swift";
         sourceTree = "<group>";
      };
      OBJ_37 = {
         isa = "PBXFileReference";
         path = "IntExtensions.swift";
         sourceTree = "<group>";
      };
      OBJ_38 = {
         isa = "PBXFileReference";
         path = "Windowing.swift";
         sourceTree = "<group>";
      };
      OBJ_39 = {
         isa = "PBXGroup";
         children = (
            OBJ_40,
            OBJ_41,
            OBJ_42,
            OBJ_43,
         );
         name = "NeuralNetwork";
         path = "Sources/NeuralNetwork";
         sourceTree = "SOURCE_ROOT";
      };
      OBJ_4 = {
         isa = "XCBuildConfiguration";
         buildSettings = {
            COMBINE_HIDPI_IMAGES = "YES";
            COPY_PHASE_STRIP = "YES";
            DEBUG_INFORMATION_FORMAT = "dwarf-with-dsym";
            DYLIB_INSTALL_NAME_BASE = "@rpath";
            GCC_OPTIMIZATION_LEVEL = "s";
            MACOSX_DEPLOYMENT_TARGET = "10.10";
            OTHER_SWIFT_FLAGS = (
               "-DXcode",
            );
            PRODUCT_NAME = "$(TARGET_NAME)";
            SDKROOT = "macosx";
            SUPPORTED_PLATFORMS = (
               "macosx",
               "iphoneos",
               "iphonesimulator",
               "appletvos",
               "appletvsimulator",
               "watchos",
               "watchsimulator",
            );
            SWIFT_ACTIVE_COMPILATION_CONDITIONS = "SWIFT_PACKAGE";
            SWIFT_OPTIMIZATION_LEVEL = "-O";
            SWIFT_VERSION = "3.0";
            USE_HEADERMAP = "NO";
         };
         name = "Release";
      };
      OBJ_40 = {
         isa = "PBXFileReference";
         path = "ActivationFunction.swift";
         sourceTree = "<group>";
      };
      OBJ_41 = {
         isa = "PBXFileReference";
         path = "NeuralNetwork.swift";
         sourceTree = "<group>";
      };
      OBJ_42 = {
         isa = "PBXFileReference";
         path = "NeuralNetworkLayer.swift";
         sourceTree = "<group>";
      };
      OBJ_43 = {
         isa = "PBXFileReference";
         path = "NeuralNetworkOptimizable.swift";
         sourceTree = "<group>";
      };
      OBJ_44 = {
         isa = "PBXGroup";
         children = (
            OBJ_45,
         );
         path = "Tests";
         sourceTree = "<group>";
      };
      OBJ_45 = {
         isa = "PBXGroup";
         children = (
            OBJ_46,
            OBJ_47,
         );
         name = "NeuralNetworkTests";
         path = "Tests/NeuralNetworkTests";
         sourceTree = "SOURCE_ROOT";
      };
      OBJ_46 = {
         isa = "PBXFileReference";
         path = "NeuralNetworkTests.swift";
         sourceTree = "<group>";
      };
      OBJ_47 = {
         isa = "PBXFileReference";
         path = "XCTestMatrixHelpers.swift";
         sourceTree = "<group>";
      };
      OBJ_48 = {
         isa = "PBXGroup";
         children = (
            OBJ_49,
            OBJ_50,
            OBJ_51,
            OBJ_52,
            OBJ_53,
            OBJ_54,
         );
         name = "Products";
         path = "";
         sourceTree = "BUILT_PRODUCTS_DIR";
      };
      OBJ_49 = {
         isa = "PBXFileReference";
         path = "Linear.framework";
         sourceTree = "BUILT_PRODUCTS_DIR";
      };
      OBJ_5 = {
         isa = "PBXGroup";
         children = (
            OBJ_6,
            OBJ_7,
            OBJ_44,
            OBJ_48,
         );
         path = "";
         sourceTree = "<group>";
      };
      OBJ_50 = {
         isa = "PBXFileReference";
         path = "Optimization.framework";
         sourceTree = "BUILT_PRODUCTS_DIR";
      };
      OBJ_51 = {
         isa = "PBXFileReference";
         path = "Plotting.framework";
         sourceTree = "BUILT_PRODUCTS_DIR";
      };
      OBJ_52 = {
         isa = "PBXFileReference";
         path = "SignalProcessing.framework";
         sourceTree = "BUILT_PRODUCTS_DIR";
      };
      OBJ_53 = {
         isa = "PBXFileReference";
         path = "NeuralNetwork.framework";
         sourceTree = "BUILT_PRODUCTS_DIR";
      };
      OBJ_54 = {
         isa = "PBXFileReference";
         path = "NeuralNetworkTests.xctest";
         sourceTree = "BUILT_PRODUCTS_DIR";
      };
      OBJ_55 = {
         isa = "PBXNativeTarget";
         buildConfigurationList = OBJ_56;
         buildPhases = (
            OBJ_59,
            OBJ_79,
         );
         dependencies = (
         );
         name = "Linear";
         productName = "Linear";
         productReference = OBJ_49;
         productType = "com.apple.product-type.framework";
      };
      OBJ_56 = {
         isa = "XCConfigurationList";
         buildConfigurations = (
            OBJ_57,
            OBJ_58,
         );
         defaultConfigurationIsVisible = "0";
         defaultConfigurationName = "Debug";
      };
      OBJ_57 = {
         isa = "XCBuildConfiguration";
         buildSettings = {
            ENABLE_TESTABILITY = "YES";
            FRAMEWORK_SEARCH_PATHS = (
               "$(inherited)",
               "$(PLATFORM_DIR)/Developer/Library/Frameworks",
            );
            HEADER_SEARCH_PATHS = (
               "$(inherited)",
            );
            INFOPLIST_FILE = "SwiftLearn.xcodeproj/Linear_Info.plist";
            LD_RUNPATH_SEARCH_PATHS = (
               "$(TOOLCHAIN_DIR)/usr/lib/swift/macosx",
            );
            OTHER_LDFLAGS = (
               "$(inherited)",
            );
            OTHER_SWIFT_FLAGS = (
               "$(inherited)",
            );
            PRODUCT_BUNDLE_IDENTIFIER = "Linear";
            PRODUCT_MODULE_NAME = "$(TARGET_NAME:c99extidentifier)";
            PRODUCT_NAME = "$(TARGET_NAME:c99extidentifier)";
            TARGET_NAME = "Linear";
         };
         name = "Debug";
      };
      OBJ_58 = {
         isa = "XCBuildConfiguration";
         buildSettings = {
            ENABLE_TESTABILITY = "YES";
            FRAMEWORK_SEARCH_PATHS = (
               "$(inherited)",
               "$(PLATFORM_DIR)/Developer/Library/Frameworks",
            );
            HEADER_SEARCH_PATHS = (
               "$(inherited)",
            );
            INFOPLIST_FILE = "SwiftLearn.xcodeproj/Linear_Info.plist";
            LD_RUNPATH_SEARCH_PATHS = (
               "$(TOOLCHAIN_DIR)/usr/lib/swift/macosx",
            );
            OTHER_LDFLAGS = (
               "$(inherited)",
            );
            OTHER_SWIFT_FLAGS = (
               "$(inherited)",
            );
            PRODUCT_BUNDLE_IDENTIFIER = "Linear";
            PRODUCT_MODULE_NAME = "$(TARGET_NAME:c99extidentifier)";
            PRODUCT_NAME = "$(TARGET_NAME:c99extidentifier)";
            TARGET_NAME = "Linear";
         };
         name = "Release";
      };
      OBJ_59 = {
         isa = "PBXSourcesBuildPhase";
         files = (
            OBJ_60,
            OBJ_61,
            OBJ_62,
            OBJ_63,
            OBJ_64,
            OBJ_65,
            OBJ_66,
            OBJ_67,
            OBJ_68,
            OBJ_69,
            OBJ_70,
            OBJ_71,
            OBJ_72,
            OBJ_73,
            OBJ_74,
            OBJ_75,
            OBJ_76,
            OBJ_77,
            OBJ_78,
         );
      };
      OBJ_6 = {
         isa = "PBXFileReference";
         explicitFileType = "sourcecode.swift";
         path = "Package.swift";
         sourceTree = "<group>";
      };
      OBJ_60 = {
         isa = "PBXBuildFile";
         fileRef = OBJ_9;
      };
      OBJ_61 = {
         isa = "PBXBuildFile";
         fileRef = OBJ_10;
      };
      OBJ_62 = {
         isa = "PBXBuildFile";
         fileRef = OBJ_11;
      };
      OBJ_63 = {
         isa = "PBXBuildFile";
         fileRef = OBJ_12;
      };
      OBJ_64 = {
         isa = "PBXBuildFile";
         fileRef = OBJ_13;
      };
      OBJ_65 = {
         isa = "PBXBuildFile";
         fileRef = OBJ_14;
      };
      OBJ_66 = {
         isa = "PBXBuildFile";
         fileRef = OBJ_15;
      };
      OBJ_67 = {
         isa = "PBXBuildFile";
         fileRef = OBJ_16;
      };
      OBJ_68 = {
         isa = "PBXBuildFile";
         fileRef = OBJ_17;
      };
      OBJ_69 = {
         isa = "PBXBuildFile";
         fileRef = OBJ_18;
      };
      OBJ_7 = {
         isa = "PBXGroup";
         children = (
            OBJ_8,
            OBJ_28,
            OBJ_32,
            OBJ_35,
            OBJ_39,
         );
         path = "Sources";
         sourceTree = "<group>";
      };
      OBJ_70 = {
         isa = "PBXBuildFile";
         fileRef = OBJ_19;
      };
      OBJ_71 = {
         isa = "PBXBuildFile";
         fileRef = OBJ_20;
      };
      OBJ_72 = {
         isa = "PBXBuildFile";
         fileRef = OBJ_21;
      };
      OBJ_73 = {
         isa = "PBXBuildFile";
         fileRef = OBJ_22;
      };
      OBJ_74 = {
         isa = "PBXBuildFile";
         fileRef = OBJ_23;
      };
      OBJ_75 = {
         isa = "PBXBuildFile";
         fileRef = OBJ_24;
      };
      OBJ_76 = {
         isa = "PBXBuildFile";
         fileRef = OBJ_25;
      };
      OBJ_77 = {
         isa = "PBXBuildFile";
         fileRef = OBJ_26;
      };
      OBJ_78 = {
         isa = "PBXBuildFile";
         fileRef = OBJ_27;
      };
      OBJ_79 = {
         isa = "PBXFrameworksBuildPhase";
         files = (
         );
      };
      OBJ_8 = {
         isa = "PBXGroup";
         children = (
            OBJ_9,
            OBJ_10,
            OBJ_11,
            OBJ_12,
            OBJ_13,
            OBJ_14,
            OBJ_15,
            OBJ_16,
            OBJ_17,
            OBJ_18,
            OBJ_19,
            OBJ_20,
            OBJ_21,
            OBJ_22,
            OBJ_23,
            OBJ_24,
            OBJ_25,
            OBJ_26,
            OBJ_27,
         );
         name = "Linear";
         path = "Packages/SwiftNum-1.9.3/Sources/Linear";
         sourceTree = "SOURCE_ROOT";
      };
      OBJ_80 = {
         isa = "PBXNativeTarget";
         buildConfigurationList = OBJ_81;
         buildPhases = (
            OBJ_84,
            OBJ_88,
         );
         dependencies = (
            OBJ_90,
         );
         name = "Optimization";
         productName = "Optimization";
         productReference = OBJ_50;
         productType = "com.apple.product-type.framework";
      };
      OBJ_81 = {
         isa = "XCConfigurationList";
         buildConfigurations = (
            OBJ_82,
            OBJ_83,
         );
         defaultConfigurationIsVisible = "0";
         defaultConfigurationName = "Debug";
      };
      OBJ_82 = {
         isa = "XCBuildConfiguration";
         buildSettings = {
            ENABLE_TESTABILITY = "YES";
            FRAMEWORK_SEARCH_PATHS = (
               "$(inherited)",
               "$(PLATFORM_DIR)/Developer/Library/Frameworks",
            );
            HEADER_SEARCH_PATHS = (
               "$(inherited)",
            );
            INFOPLIST_FILE = "SwiftLearn.xcodeproj/Optimization_Info.plist";
            LD_RUNPATH_SEARCH_PATHS = (
               "$(TOOLCHAIN_DIR)/usr/lib/swift/macosx",
            );
            OTHER_LDFLAGS = (
               "$(inherited)",
            );
            OTHER_SWIFT_FLAGS = (
               "$(inherited)",
            );
            PRODUCT_BUNDLE_IDENTIFIER = "Optimization";
            PRODUCT_MODULE_NAME = "$(TARGET_NAME:c99extidentifier)";
            PRODUCT_NAME = "$(TARGET_NAME:c99extidentifier)";
            TARGET_NAME = "Optimization";
         };
         name = "Debug";
      };
      OBJ_83 = {
         isa = "XCBuildConfiguration";
         buildSettings = {
            ENABLE_TESTABILITY = "YES";
            FRAMEWORK_SEARCH_PATHS = (
               "$(inherited)",
               "$(PLATFORM_DIR)/Developer/Library/Frameworks",
            );
            HEADER_SEARCH_PATHS = (
               "$(inherited)",
            );
            INFOPLIST_FILE = "SwiftLearn.xcodeproj/Optimization_Info.plist";
            LD_RUNPATH_SEARCH_PATHS = (
               "$(TOOLCHAIN_DIR)/usr/lib/swift/macosx",
            );
            OTHER_LDFLAGS = (
               "$(inherited)",
            );
            OTHER_SWIFT_FLAGS = (
               "$(inherited)",
            );
            PRODUCT_BUNDLE_IDENTIFIER = "Optimization";
            PRODUCT_MODULE_NAME = "$(TARGET_NAME:c99extidentifier)";
            PRODUCT_NAME = "$(TARGET_NAME:c99extidentifier)";
            TARGET_NAME = "Optimization";
         };
         name = "Release";
      };
      OBJ_84 = {
         isa = "PBXSourcesBuildPhase";
         files = (
            OBJ_85,
            OBJ_86,
            OBJ_87,
         );
      };
      OBJ_85 = {
         isa = "PBXBuildFile";
         fileRef = OBJ_29;
      };
      OBJ_86 = {
         isa = "PBXBuildFile";
         fileRef = OBJ_30;
      };
      OBJ_87 = {
         isa = "PBXBuildFile";
         fileRef = OBJ_31;
      };
      OBJ_88 = {
         isa = "PBXFrameworksBuildPhase";
         files = (
            OBJ_89,
         );
      };
      OBJ_89 = {
         isa = "PBXBuildFile";
         fileRef = OBJ_49;
      };
      OBJ_9 = {
         isa = "PBXFileReference";
         path = "Matrix.swift";
         sourceTree = "<group>";
      };
      OBJ_90 = {
         isa = "PBXTargetDependency";
         target = OBJ_55;
      };
      OBJ_91 = {
         isa = "PBXNativeTarget";
         buildConfigurationList = OBJ_92;
         buildPhases = (
            OBJ_95,
            OBJ_98,
         );
         dependencies = (
         );
         name = "Plotting";
         productName = "Plotting";
         productReference = OBJ_51;
         productType = "com.apple.product-type.framework";
      };
      OBJ_92 = {
         isa = "XCConfigurationList";
         buildConfigurations = (
            OBJ_93,
            OBJ_94,
         );
         defaultConfigurationIsVisible = "0";
         defaultConfigurationName = "Debug";
      };
      OBJ_93 = {
         isa = "XCBuildConfiguration";
         buildSettings = {
            ENABLE_TESTABILITY = "YES";
            FRAMEWORK_SEARCH_PATHS = (
               "$(inherited)",
               "$(PLATFORM_DIR)/Developer/Library/Frameworks",
            );
            HEADER_SEARCH_PATHS = (
               "$(inherited)",
            );
            INFOPLIST_FILE = "SwiftLearn.xcodeproj/Plotting_Info.plist";
            LD_RUNPATH_SEARCH_PATHS = (
               "$(TOOLCHAIN_DIR)/usr/lib/swift/macosx",
            );
            OTHER_LDFLAGS = (
               "$(inherited)",
            );
            OTHER_SWIFT_FLAGS = (
               "$(inherited)",
            );
            PRODUCT_BUNDLE_IDENTIFIER = "Plotting";
            PRODUCT_MODULE_NAME = "$(TARGET_NAME:c99extidentifier)";
            PRODUCT_NAME = "$(TARGET_NAME:c99extidentifier)";
            TARGET_NAME = "Plotting";
         };
         name = "Debug";
      };
      OBJ_94 = {
         isa = "XCBuildConfiguration";
         buildSettings = {
            ENABLE_TESTABILITY = "YES";
            FRAMEWORK_SEARCH_PATHS = (
               "$(inherited)",
               "$(PLATFORM_DIR)/Developer/Library/Frameworks",
            );
            HEADER_SEARCH_PATHS = (
               "$(inherited)",
            );
            INFOPLIST_FILE = "SwiftLearn.xcodeproj/Plotting_Info.plist";
            LD_RUNPATH_SEARCH_PATHS = (
               "$(TOOLCHAIN_DIR)/usr/lib/swift/macosx",
            );
            OTHER_LDFLAGS = (
               "$(inherited)",
            );
            OTHER_SWIFT_FLAGS = (
               "$(inherited)",
            );
            PRODUCT_BUNDLE_IDENTIFIER = "Plotting";
            PRODUCT_MODULE_NAME = "$(TARGET_NAME:c99extidentifier)";
            PRODUCT_NAME = "$(TARGET_NAME:c99extidentifier)";
            TARGET_NAME = "Plotting";
         };
         name = "Release";
      };
      OBJ_95 = {
         isa = "PBXSourcesBuildPhase";
         files = (
            OBJ_96,
            OBJ_97,
         );
      };
      OBJ_96 = {
         isa = "PBXBuildFile";
         fileRef = OBJ_33;
      };
      OBJ_97 = {
         isa = "PBXBuildFile";
         fileRef = OBJ_34;
      };
      OBJ_98 = {
         isa = "PBXFrameworksBuildPhase";
         files = (
         );
      };
      OBJ_99 = {
         isa = "PBXNativeTarget";
         buildConfigurationList = OBJ_100;
         buildPhases = (
            OBJ_103,
            OBJ_107,
         );
         dependencies = (
         );
         name = "SignalProcessing";
         productName = "SignalProcessing";
         productReference = OBJ_52;
         productType = "com.apple.product-type.framework";
      };
   };
   rootObject = OBJ_1;
}
